
Microsoft Visual Studio Solution File, Format Version 12.00
# Visual Studio Version 16
VisualStudioVersion = 16.0.31112.23
MinimumVisualStudioVersion = 10.0.40219.1
Project("{FAE04EC0-301F-11D3-BF4B-00C04F79EFBC}") = "Music.Model", "Music.Model\Music.Model.csproj", "{3720E614-52D9-428F-B1B8-7C517C1677CE}"
EndProject
Project("{FAE04EC0-301F-11D3-BF4B-00C04F79EFBC}") = "Music.Common", "Music.Common\Music.Common.csproj", "{9298AB83-586D-4F30-A3FC-642BAA2A9763}"
EndProject
Project("{FAE04EC0-301F-11D3-BF4B-00C04F79EFBC}") = "Music.FrontEnd", "Music.FrontEnd\Music.FrontEnd.csproj", "{8F158E96-742A-49F1-B242-B62812B07A42}"
EndProject
Global
	GlobalSection(SolutionConfigurationPlatforms) = preSolution
		Debug|Any CPU = Debug|Any CPU
		Release|Any CPU = Release|Any CPU
	EndGlobalSection
	GlobalSection(ProjectConfigurationPlatforms) = postSolution
		{3720E614-52D9-428F-B1B8-7C517C1677CE}.Debug|Any CPU.ActiveCfg = Debug|Any CPU
		{3720E614-52D9-428F-B1B8-7C517C1677CE}.Debug|Any CPU.Build.0 = Debug|Any CPU
		{3720E614-52D9-428F-B1B8-7C517C1677CE}.Release|Any CPU.ActiveCfg = Release|Any CPU
		{3720E614-52D9-428F-B1B8-7C517C1677CE}.Release|Any CPU.Build.0 = Release|Any CPU
		{9298AB83-586D-4F30-A3FC-642BAA2A9763}.Debug|Any CPU.ActiveCfg = Debug|Any CPU
		{9298AB83-586D-4F30-A3FC-642BAA2A9763}.Debug|Any CPU.Build.0 = Debug|Any CPU
		{9298AB83-586D-4F30-A3FC-642BAA2A9763}.Release|Any CPU.ActiveCfg = Release|Any CPU
		{9298AB83-586D-4F30-A3FC-642BAA2A9763}.Release|Any CPU.Build.0 = Release|Any CPU
		{8F158E96-742A-49F1-B242-B62812B07A42}.Debug|Any CPU.ActiveCfg = Debug|Any CPU
		{8F158E96-742A-49F1-B242-B62812B07A42}.Debug|Any CPU.Build.0 = Debug|Any CPU
		{8F158E96-742A-49F1-B242-B62812B07A42}.Release|Any CPU.ActiveCfg = Release|Any CPU
		{8F158E96-742A-49F1-B242-B62812B07A42}.Release|Any CPU.Build.0 = Release|Any CPU
	EndGlobalSection
	GlobalSection(SolutionProperties) = preSolution
		HideSolutionNode = FALSE
	EndGlobalSection
	GlobalSection(ExtensibilityGlobals) = postSolution
		SolutionGuid = {46667F41-272E-471E-BF8B-ACC6D545C63A}
	EndGlobalSection
EndGlobal
